%{
  "cf": {:hex, :cf, "0.2.2", "7f2913fff90abcabd0f489896cfeb0b0674f6c8df6c10b17a83175448029896c", [:rebar3], [], "hexpm"},
  "cth_readable": {:hex, :cth_readable, "1.4.2", "0f57b4eb7da7f5438f422312245f9143a1b3118c11b6bae5c3d1391c9ee88322", [:rebar3], [{:cf, "~>0.2.1", [hex: :cf, repo: "hexpm", optional: false]}], "hexpm"},
}
